
Microsoft Visual Studio Solution File, Format Version 12.00
# Visual Studio Version 16
VisualStudioVersion = 16.0.31911.196
MinimumVisualStudioVersion = 10.0.40219.1
Project("{FAE04EC0-301F-11D3-BF4B-00C04F79EFBC}") = "Eurodiffusion", "Eurodiffusion\Eurodiffusion.csproj", "{A00C7588-2644-4A61-96DB-EE076CDB5408}"
EndProject
Global
	GlobalSection(SolutionConfigurationPlatforms) = preSolution
		Debug|Any CPU = Debug|Any CPU
		Release|Any CPU = Release|Any CPU
	EndGlobalSection
	GlobalSection(ProjectConfigurationPlatforms) = postSolution
		{A00C7588-2644-4A61-96DB-EE076CDB5408}.Debug|Any CPU.ActiveCfg = Debug|Any CPU
		{A00C7588-2644-4A61-96DB-EE076CDB5408}.Debug|Any CPU.Build.0 = Debug|Any CPU
		{A00C7588-2644-4A61-96DB-EE076CDB5408}.Release|Any CPU.ActiveCfg = Release|Any CPU
		{A00C7588-2644-4A61-96DB-EE076CDB5408}.Release|Any CPU.Build.0 = Release|Any CPU
	EndGlobalSection
	GlobalSection(SolutionProperties) = preSolution
		HideSolutionNode = FALSE
	EndGlobalSection
	GlobalSection(ExtensibilityGlobals) = postSolution
		SolutionGuid = {0613555C-88FB-4D82-BCEC-FB023A0E03F5}
	EndGlobalSection
EndGlobal
